PODS:
  - SDWebImage (5.8.4):
    - SDWebImage/Core (= 5.8.4)
  - SDWebImage/Core (5.8.4)
  - Sparkle (1.23.0)
  - SpotlightLyrics (0.1.5):
    - SpotlightLyrics/iOS (= 0.1.5)
    - SpotlightLyrics/Mac (= 0.1.5)
  - SpotlightLyrics/Mac (0.1.5)
  - SwiftLint (0.39.2)
  - XCDYouTubeKit (2.14.1)

DEPENDENCIES:
  - SDWebImage (~> 5.0)
  - Sparkle
  - SpotlightLyrics (from `https://github.com/YuantongL/SpotlightLyrics.git`)
  - SwiftLint
  - XCDYouTubeKit (~> 2.14.1)

SPEC REPOS:
  https://github.com/CocoaPods/Specs.git:
    - SDWebImage
    - Sparkle
    - SwiftLint
    - XCDYouTubeKit

EXTERNAL SOURCES:
  SpotlightLyrics:
    :git: https://github.com/YuantongL/SpotlightLyrics.git

CHECKOUT OPTIONS:
  SpotlightLyrics:
    :commit: 9cad9aeef763d9109dfa8981c01ff97488df27ee
    :git: https://github.com/YuantongL/SpotlightLyrics.git

SPEC CHECKSUMS:
  SDWebImage: cf6922231e95550934da2ada0f20f2becf2ceba9
  Sparkle: 55b1a87ba69d56913375a281546b7c82dec95bb0
  SpotlightLyrics: 3c38a2320ac70306f8df71b7b31d1bf7181ff6d6
  SwiftLint: 22ccbbe3b8008684be5955693bab135e0ed6a447
  XCDYouTubeKit: 5d50bbacdd9fedf26fb578bab901d946ff3d064c

PODFILE CHECKSUM: b3f952136adca834c40be1ab18850d1f3f797195

COCOAPODS: 1.8.4
