PODS:
  - SDWebImage (5.10.0):
    - SDWebImage/Core (= 5.10.0)
  - SDWebImage/Core (5.10.0)
  - Sparkle (1.24.0)
  - SpotlightLyrics (0.1.5):
    - SpotlightLyrics/iOS (= 0.1.5)
    - SpotlightLyrics/Mac (= 0.1.5)
  - SpotlightLyrics/Mac (0.1.5)
  - SwiftLint (0.41.0)
  - XCDYouTubeKit (2.15.1)

DEPENDENCIES:
  - SDWebImage (~> 5.0)
  - Sparkle
  - SpotlightLyrics (from `https://github.com/YuantongL/SpotlightLyrics.git`)
  - SwiftLint
  - XCDYouTubeKit

SPEC REPOS:
  https://github.com/CocoaPods/Specs.git:
    - SDWebImage
    - Sparkle
    - SwiftLint
    - XCDYouTubeKit

EXTERNAL SOURCES:
  SpotlightLyrics:
    :git: https://github.com/YuantongL/SpotlightLyrics.git

CHECKOUT OPTIONS:
  SpotlightLyrics:
    :commit: 9d1b445f631d236ecda53c35d2391d8e14046fb3
    :git: https://github.com/YuantongL/SpotlightLyrics.git

SPEC CHECKSUMS:
  SDWebImage: 9169792e9eec3e45bba2a0c02f74bf8bd922d1ee
  Sparkle: 270cd27377bf04e9c128af06e3a22d0f572d6ee3
  SpotlightLyrics: 3c38a2320ac70306f8df71b7b31d1bf7181ff6d6
  SwiftLint: c585ebd615d9520d7fbdbe151f527977b0534f1e
  XCDYouTubeKit: 5ad334d4657ab920adc5bd6c16f39db8c8ad8d24

PODFILE CHECKSUM: 6e4fd0e0a73d4c1ff204b6ffc42045aa9845a4ae

COCOAPODS: 1.10.0
